
Microsoft Visual Studio Solution File, Format Version 12.00
# Visual Studio Version 17
VisualStudioVersion = 17.11.35327.3
MinimumVisualStudioVersion = 10.0.40219.1
Project("{FAE04EC0-301F-11D3-BF4B-00C04F79EFBC}") = "File-Organization", "File-Organization\File-Organization.csproj", "{952392A4-1CAD-4ACB-B349-EF117D1C050C}"
EndProject
Global
	GlobalSection(SolutionConfigurationPlatforms) = preSolution
		Debug|Any CPU = Debug|Any CPU
		Release|Any CPU = Release|Any CPU
	EndGlobalSection
	GlobalSection(ProjectConfigurationPlatforms) = postSolution
		{952392A4-1CAD-4ACB-B349-EF117D1C050C}.Debug|Any CPU.ActiveCfg = Debug|Any CPU
		{952392A4-1CAD-4ACB-B349-EF117D1C050C}.Debug|Any CPU.Build.0 = Debug|Any CPU
		{952392A4-1CAD-4ACB-B349-EF117D1C050C}.Release|Any CPU.ActiveCfg = Release|Any CPU
		{952392A4-1CAD-4ACB-B349-EF117D1C050C}.Release|Any CPU.Build.0 = Release|Any CPU
	EndGlobalSection
	GlobalSection(SolutionProperties) = preSolution
		HideSolutionNode = FALSE
	EndGlobalSection
	GlobalSection(ExtensibilityGlobals) = postSolution
		SolutionGuid = {7E17EC37-06BB-418C-B9CE-17F7C5101156}
	EndGlobalSection
EndGlobal
